
Microsoft Visual Studio Solution File, Format Version 12.00
# Visual Studio 15
VisualStudioVersion = 15.0.28307.572
MinimumVisualStudioVersion = 10.0.40219.1
Project("{159641D6-6404-4A2A-AE62-294DE0FE8301}") = "Matastav_Pumps", "Matastav_Pumps\Matastav_Pumps.dtproj", "{3C583CD4-5E5A-4111-B5D0-92A22AC4A6ED}"
EndProject
Global
	GlobalSection(SolutionConfigurationPlatforms) = preSolution
		Development|Default = Development|Default
	EndGlobalSection
	GlobalSection(ProjectConfigurationPlatforms) = postSolution
		{3C583CD4-5E5A-4111-B5D0-92A22AC4A6ED}.Development|Default.ActiveCfg = Development
		{3C583CD4-5E5A-4111-B5D0-92A22AC4A6ED}.Development|Default.Build.0 = Development
	EndGlobalSection
	GlobalSection(SolutionProperties) = preSolution
		HideSolutionNode = FALSE
	EndGlobalSection
	GlobalSection(ExtensibilityGlobals) = postSolution
		SolutionGuid = {41607C47-08C0-4FA8-AAF5-95C8174FD7B1}
	EndGlobalSection
EndGlobal
